{
  "requires": true,
  "lockfileVersion": 1,
  "dependencies": {
    "@stripe/stripe-js": {
      "version": "1.12.1",
      "resolved": "https://registry.npmjs.org/@stripe/stripe-js/-/stripe-js-1.12.1.tgz",
      "integrity": "sha512-CE602Mzx6DnUHGrL+S9Kk7UK6674BCYlklh9F2NWU6ue0xdVzRTfFCuL5LHvs7Plicw5rsjuDhJ9sIdwFBVCIQ=="
    }
  }
}
